
Microsoft Visual Studio Solution File, Format Version 12.00
# Visual Studio Version 16
VisualStudioVersion = 16.0.31702.278
MinimumVisualStudioVersion = 10.0.40219.1
Project("{FAE04EC0-301F-11D3-BF4B-00C04F79EFBC}") = "AutoDoomFramework", "AutoDoomFramework\AutoDoomFramework.csproj", "{73C7ADD4-795E-457E-B873-57FF6EEC7D62}"
	ProjectSection(ProjectDependencies) = postProject
		{896E4A02-054D-488F-AA60-3CD6BC91E19F} = {896E4A02-054D-488F-AA60-3CD6BC91E19F}
		{B4030E14-D28B-421C-B75D-B0C032516239} = {B4030E14-D28B-421C-B75D-B0C032516239}
		{52D85524-B2E4-4E94-A28B-5A4E7508925C} = {52D85524-B2E4-4E94-A28B-5A4E7508925C}
		{1C0DAA49-B692-402B-A482-68611770B2C0} = {1C0DAA49-B692-402B-A482-68611770B2C0}
	EndProjectSection
EndProject
Project("{FAE04EC0-301F-11D3-BF4B-00C04F79EFBC}") = "OCRActivitiyLibs", "..\OCRActivities\OCRActivitiyLibs\OCRActivitiyLibs.csproj", "{87121721-39D1-48DF-AEEB-94B6DE4608C6}"
EndProject
Project("{FAE04EC0-301F-11D3-BF4B-00C04F79EFBC}") = "AutoDoom.Render", "..\AutoDoom.Render\AutoDoom.Render\AutoDoom.Render.csproj", "{058DC4FF-EE5E-4897-BF2B-1B224F406BEE}"
EndProject
Project("{FAE04EC0-301F-11D3-BF4B-00C04F79EFBC}") = "AutoDoom.Element", "..\AutoDoom.Element\AutoDoom.Element\AutoDoom.Element.csproj", "{B4030E14-D28B-421C-B75D-B0C032516239}"
EndProject
Project("{8BC9CEB8-8B4A-11D0-8D11-00A0C91BC942}") = "AutoDoom.Dial.Detect", "..\AutoDoom.Dial\AutoDoom.Dial.Detect\AutoDoom.Dial.Detect.vcxproj", "{896E4A02-054D-488F-AA60-3CD6BC91E19F}"
EndProject
Project("{FAE04EC0-301F-11D3-BF4B-00C04F79EFBC}") = "AutoDoom.Dial", "..\AutoDoom.Dial\AutoDoom.Dial\AutoDoom.Dial.csproj", "{1C0DAA49-B692-402B-A482-68611770B2C0}"
	ProjectSection(ProjectDependencies) = postProject
		{896E4A02-054D-488F-AA60-3CD6BC91E19F} = {896E4A02-054D-488F-AA60-3CD6BC91E19F}
		{52D85524-B2E4-4E94-A28B-5A4E7508925C} = {52D85524-B2E4-4E94-A28B-5A4E7508925C}
	EndProjectSection
EndProject
Project("{8BC9CEB8-8B4A-11D0-8D11-00A0C91BC942}") = "AutoDoom.Tools.WindowCapture", "..\AutoDoom.Tools.WindowCapture\AutoDoom.Tools.WindowCapture\AutoDoom.Tools.WindowCapture.vcxproj", "{52D85524-B2E4-4E94-A28B-5A4E7508925C}"
EndProject
Global
	GlobalSection(SolutionConfigurationPlatforms) = preSolution
		Debug|Any CPU = Debug|Any CPU
		Debug|x64 = Debug|x64
		Debug|x86 = Debug|x86
		Release|Any CPU = Release|Any CPU
		Release|x64 = Release|x64
		Release|x86 = Release|x86
	EndGlobalSection
	GlobalSection(ProjectConfigurationPlatforms) = postSolution
		{73C7ADD4-795E-457E-B873-57FF6EEC7D62}.Debug|Any CPU.ActiveCfg = Debug|Any CPU
		{73C7ADD4-795E-457E-B873-57FF6EEC7D62}.Debug|Any CPU.Build.0 = Debug|Any CPU
		{73C7ADD4-795E-457E-B873-57FF6EEC7D62}.Debug|x64.ActiveCfg = Debug|x64
		{73C7ADD4-795E-457E-B873-57FF6EEC7D62}.Debug|x64.Build.0 = Debug|x64
		{73C7ADD4-795E-457E-B873-57FF6EEC7D62}.Debug|x86.ActiveCfg = Debug|x86
		{73C7ADD4-795E-457E-B873-57FF6EEC7D62}.Debug|x86.Build.0 = Debug|x86
		{73C7ADD4-795E-457E-B873-57FF6EEC7D62}.Release|Any CPU.ActiveCfg = Release|Any CPU
		{73C7ADD4-795E-457E-B873-57FF6EEC7D62}.Release|Any CPU.Build.0 = Release|Any CPU
		{73C7ADD4-795E-457E-B873-57FF6EEC7D62}.Release|x64.ActiveCfg = Release|x64
		{73C7ADD4-795E-457E-B873-57FF6EEC7D62}.Release|x64.Build.0 = Release|x64
		{73C7ADD4-795E-457E-B873-57FF6EEC7D62}.Release|x86.ActiveCfg = Release|x86
		{73C7ADD4-795E-457E-B873-57FF6EEC7D62}.Release|x86.Build.0 = Release|x86
		{87121721-39D1-48DF-AEEB-94B6DE4608C6}.Debug|Any CPU.ActiveCfg = Debug|Any CPU
		{87121721-39D1-48DF-AEEB-94B6DE4608C6}.Debug|Any CPU.Build.0 = Debug|Any CPU
		{87121721-39D1-48DF-AEEB-94B6DE4608C6}.Debug|x64.ActiveCfg = Debug|Any CPU
		{87121721-39D1-48DF-AEEB-94B6DE4608C6}.Debug|x64.Build.0 = Debug|Any CPU
		{87121721-39D1-48DF-AEEB-94B6DE4608C6}.Debug|x86.ActiveCfg = Debug|Any CPU
		{87121721-39D1-48DF-AEEB-94B6DE4608C6}.Debug|x86.Build.0 = Debug|Any CPU
		{87121721-39D1-48DF-AEEB-94B6DE4608C6}.Release|Any CPU.ActiveCfg = Release|Any CPU
		{87121721-39D1-48DF-AEEB-94B6DE4608C6}.Release|Any CPU.Build.0 = Release|Any CPU
		{87121721-39D1-48DF-AEEB-94B6DE4608C6}.Release|x64.ActiveCfg = Release|Any CPU
		{87121721-39D1-48DF-AEEB-94B6DE4608C6}.Release|x64.Build.0 = Release|Any CPU
		{87121721-39D1-48DF-AEEB-94B6DE4608C6}.Release|x86.ActiveCfg = Release|Any CPU
		{87121721-39D1-48DF-AEEB-94B6DE4608C6}.Release|x86.Build.0 = Release|Any CPU
		{058DC4FF-EE5E-4897-BF2B-1B224F406BEE}.Debug|Any CPU.ActiveCfg = Debug|Any CPU
		{058DC4FF-EE5E-4897-BF2B-1B224F406BEE}.Debug|Any CPU.Build.0 = Debug|Any CPU
		{058DC4FF-EE5E-4897-BF2B-1B224F406BEE}.Debug|x64.ActiveCfg = Debug|Any CPU
		{058DC4FF-EE5E-4897-BF2B-1B224F406BEE}.Debug|x64.Build.0 = Debug|Any CPU
		{058DC4FF-EE5E-4897-BF2B-1B224F406BEE}.Debug|x86.ActiveCfg = Debug|Any CPU
		{058DC4FF-EE5E-4897-BF2B-1B224F406BEE}.Debug|x86.Build.0 = Debug|Any CPU
		{058DC4FF-EE5E-4897-BF2B-1B224F406BEE}.Release|Any CPU.ActiveCfg = Release|Any CPU
		{058DC4FF-EE5E-4897-BF2B-1B224F406BEE}.Release|Any CPU.Build.0 = Release|Any CPU
		{058DC4FF-EE5E-4897-BF2B-1B224F406BEE}.Release|x64.ActiveCfg = Release|Any CPU
		{058DC4FF-EE5E-4897-BF2B-1B224F406BEE}.Release|x64.Build.0 = Release|Any CPU
		{058DC4FF-EE5E-4897-BF2B-1B224F406BEE}.Release|x86.ActiveCfg = Release|Any CPU
		{058DC4FF-EE5E-4897-BF2B-1B224F406BEE}.Release|x86.Build.0 = Release|Any CPU
		{B4030E14-D28B-421C-B75D-B0C032516239}.Debug|Any CPU.ActiveCfg = Debug|Any CPU
		{B4030E14-D28B-421C-B75D-B0C032516239}.Debug|Any CPU.Build.0 = Debug|Any CPU
		{B4030E14-D28B-421C-B75D-B0C032516239}.Debug|x64.ActiveCfg = Debug|Any CPU
		{B4030E14-D28B-421C-B75D-B0C032516239}.Debug|x64.Build.0 = Debug|Any CPU
		{B4030E14-D28B-421C-B75D-B0C032516239}.Debug|x86.ActiveCfg = Debug|Any CPU
		{B4030E14-D28B-421C-B75D-B0C032516239}.Debug|x86.Build.0 = Debug|Any CPU
		{B4030E14-D28B-421C-B75D-B0C032516239}.Release|Any CPU.ActiveCfg = Release|Any CPU
		{B4030E14-D28B-421C-B75D-B0C032516239}.Release|Any CPU.Build.0 = Release|Any CPU
		{B4030E14-D28B-421C-B75D-B0C032516239}.Release|x64.ActiveCfg = Release|Any CPU
		{B4030E14-D28B-421C-B75D-B0C032516239}.Release|x64.Build.0 = Release|Any CPU
		{B4030E14-D28B-421C-B75D-B0C032516239}.Release|x86.ActiveCfg = Release|Any CPU
		{B4030E14-D28B-421C-B75D-B0C032516239}.Release|x86.Build.0 = Release|Any CPU
		{896E4A02-054D-488F-AA60-3CD6BC91E19F}.Debug|Any CPU.ActiveCfg = Debug|x64
		{896E4A02-054D-488F-AA60-3CD6BC91E19F}.Debug|Any CPU.Build.0 = Debug|x64
		{896E4A02-054D-488F-AA60-3CD6BC91E19F}.Debug|x64.ActiveCfg = Debug|x64
		{896E4A02-054D-488F-AA60-3CD6BC91E19F}.Debug|x64.Build.0 = Debug|x64
		{896E4A02-054D-488F-AA60-3CD6BC91E19F}.Debug|x86.ActiveCfg = Debug|Win32
		{896E4A02-054D-488F-AA60-3CD6BC91E19F}.Debug|x86.Build.0 = Debug|Win32
		{896E4A02-054D-488F-AA60-3CD6BC91E19F}.Release|Any CPU.ActiveCfg = Release|Win32
		{896E4A02-054D-488F-AA60-3CD6BC91E19F}.Release|x64.ActiveCfg = Release|x64
		{896E4A02-054D-488F-AA60-3CD6BC91E19F}.Release|x64.Build.0 = Release|x64
		{896E4A02-054D-488F-AA60-3CD6BC91E19F}.Release|x86.ActiveCfg = Release|Win32
		{896E4A02-054D-488F-AA60-3CD6BC91E19F}.Release|x86.Build.0 = Release|Win32
		{1C0DAA49-B692-402B-A482-68611770B2C0}.Debug|Any CPU.ActiveCfg = Debug|Any CPU
		{1C0DAA49-B692-402B-A482-68611770B2C0}.Debug|Any CPU.Build.0 = Debug|Any CPU
		{1C0DAA49-B692-402B-A482-68611770B2C0}.Debug|x64.ActiveCfg = Debug|Any CPU
		{1C0DAA49-B692-402B-A482-68611770B2C0}.Debug|x64.Build.0 = Debug|Any CPU
		{1C0DAA49-B692-402B-A482-68611770B2C0}.Debug|x86.ActiveCfg = Debug|Any CPU
		{1C0DAA49-B692-402B-A482-68611770B2C0}.Debug|x86.Build.0 = Debug|Any CPU
		{1C0DAA49-B692-402B-A482-68611770B2C0}.Release|Any CPU.ActiveCfg = Release|Any CPU
		{1C0DAA49-B692-402B-A482-68611770B2C0}.Release|Any CPU.Build.0 = Release|Any CPU
		{1C0DAA49-B692-402B-A482-68611770B2C0}.Release|x64.ActiveCfg = Release|Any CPU
		{1C0DAA49-B692-402B-A482-68611770B2C0}.Release|x64.Build.0 = Release|Any CPU
		{1C0DAA49-B692-402B-A482-68611770B2C0}.Release|x86.ActiveCfg = Release|Any CPU
		{1C0DAA49-B692-402B-A482-68611770B2C0}.Release|x86.Build.0 = Release|Any CPU
		{52D85524-B2E4-4E94-A28B-5A4E7508925C}.Debug|Any CPU.ActiveCfg = Debug|Win32
		{52D85524-B2E4-4E94-A28B-5A4E7508925C}.Debug|x64.ActiveCfg = Debug|x64
		{52D85524-B2E4-4E94-A28B-5A4E7508925C}.Debug|x64.Build.0 = Debug|x64
		{52D85524-B2E4-4E94-A28B-5A4E7508925C}.Debug|x86.ActiveCfg = Debug|Win32
		{52D85524-B2E4-4E94-A28B-5A4E7508925C}.Debug|x86.Build.0 = Debug|Win32
		{52D85524-B2E4-4E94-A28B-5A4E7508925C}.Release|Any CPU.ActiveCfg = Release|Win32
		{52D85524-B2E4-4E94-A28B-5A4E7508925C}.Release|x64.ActiveCfg = Release|x64
		{52D85524-B2E4-4E94-A28B-5A4E7508925C}.Release|x64.Build.0 = Release|x64
		{52D85524-B2E4-4E94-A28B-5A4E7508925C}.Release|x86.ActiveCfg = Release|Win32
		{52D85524-B2E4-4E94-A28B-5A4E7508925C}.Release|x86.Build.0 = Release|Win32
	EndGlobalSection
	GlobalSection(SolutionProperties) = preSolution
		HideSolutionNode = FALSE
	EndGlobalSection
	GlobalSection(ExtensibilityGlobals) = postSolution
		SolutionGuid = {09CB268E-4A1F-4031-AEA0-13AEFE4DC29D}
	EndGlobalSection
EndGlobal
